
Microsoft Visual Studio Solution File, Format Version 12.00
# Visual Studio 15
VisualStudioVersion = 15.0.28010.2050
MinimumVisualStudioVersion = 10.0.40219.1
Project("{FAE04EC0-301F-11D3-BF4B-00C04F79EFBC}") = "HighestRank", "HighestRank\HighestRank.csproj", "{6AEF32A7-C1BF-4313-9DCD-D0505EBA7968}"
EndProject
Project("{FAE04EC0-301F-11D3-BF4B-00C04F79EFBC}") = "HighestRankTest", "HighestRankTest\HighestRankTest.csproj", "{68803EE3-75DF-488A-B132-6F06EB68359B}"
EndProject
Global
	GlobalSection(SolutionConfigurationPlatforms) = preSolution
		Debug|Any CPU = Debug|Any CPU
		Release|Any CPU = Release|Any CPU
	EndGlobalSection
	GlobalSection(ProjectConfigurationPlatforms) = postSolution
		{6AEF32A7-C1BF-4313-9DCD-D0505EBA7968}.Debug|Any CPU.ActiveCfg = Debug|Any CPU
		{6AEF32A7-C1BF-4313-9DCD-D0505EBA7968}.Debug|Any CPU.Build.0 = Debug|Any CPU
		{6AEF32A7-C1BF-4313-9DCD-D0505EBA7968}.Release|Any CPU.ActiveCfg = Release|Any CPU
		{6AEF32A7-C1BF-4313-9DCD-D0505EBA7968}.Release|Any CPU.Build.0 = Release|Any CPU
		{68803EE3-75DF-488A-B132-6F06EB68359B}.Debug|Any CPU.ActiveCfg = Debug|Any CPU
		{68803EE3-75DF-488A-B132-6F06EB68359B}.Debug|Any CPU.Build.0 = Debug|Any CPU
		{68803EE3-75DF-488A-B132-6F06EB68359B}.Release|Any CPU.ActiveCfg = Release|Any CPU
		{68803EE3-75DF-488A-B132-6F06EB68359B}.Release|Any CPU.Build.0 = Release|Any CPU
	EndGlobalSection
	GlobalSection(SolutionProperties) = preSolution
		HideSolutionNode = FALSE
	EndGlobalSection
	GlobalSection(ExtensibilityGlobals) = postSolution
		SolutionGuid = {5641F6FF-3B9C-442E-8CA2-1ABB523A547A}
	EndGlobalSection
EndGlobal
