
Microsoft Visual Studio Solution File, Format Version 12.00
# Visual Studio 15
VisualStudioVersion = 15.0.28010.2050
MinimumVisualStudioVersion = 10.0.40219.1
Project("{FAE04EC0-301F-11D3-BF4B-00C04F79EFBC}") = "SortTheOdd", "SortTheOdd\SortTheOdd.csproj", "{1C2E8515-2217-42CE-96E5-3605764E4DFD}"
EndProject
Project("{FAE04EC0-301F-11D3-BF4B-00C04F79EFBC}") = "SortTheOddTest", "SortTheOddTest\SortTheOddTest.csproj", "{B41DF115-605B-4FA1-991E-E77DFCC196D7}"
EndProject
Global
	GlobalSection(SolutionConfigurationPlatforms) = preSolution
		Debug|Any CPU = Debug|Any CPU
		Release|Any CPU = Release|Any CPU
	EndGlobalSection
	GlobalSection(ProjectConfigurationPlatforms) = postSolution
		{1C2E8515-2217-42CE-96E5-3605764E4DFD}.Debug|Any CPU.ActiveCfg = Debug|Any CPU
		{1C2E8515-2217-42CE-96E5-3605764E4DFD}.Debug|Any CPU.Build.0 = Debug|Any CPU
		{1C2E8515-2217-42CE-96E5-3605764E4DFD}.Release|Any CPU.ActiveCfg = Release|Any CPU
		{1C2E8515-2217-42CE-96E5-3605764E4DFD}.Release|Any CPU.Build.0 = Release|Any CPU
		{B41DF115-605B-4FA1-991E-E77DFCC196D7}.Debug|Any CPU.ActiveCfg = Debug|Any CPU
		{B41DF115-605B-4FA1-991E-E77DFCC196D7}.Debug|Any CPU.Build.0 = Debug|Any CPU
		{B41DF115-605B-4FA1-991E-E77DFCC196D7}.Release|Any CPU.ActiveCfg = Release|Any CPU
		{B41DF115-605B-4FA1-991E-E77DFCC196D7}.Release|Any CPU.Build.0 = Release|Any CPU
	EndGlobalSection
	GlobalSection(SolutionProperties) = preSolution
		HideSolutionNode = FALSE
	EndGlobalSection
	GlobalSection(ExtensibilityGlobals) = postSolution
		SolutionGuid = {AFDCD0C1-D4D9-4888-9B01-D0F1E0C27AB9}
	EndGlobalSection
EndGlobal
