
Microsoft Visual Studio Solution File, Format Version 12.00
# Visual Studio 15
VisualStudioVersion = 15.0.28010.2050
MinimumVisualStudioVersion = 10.0.40219.1
Project("{FAE04EC0-301F-11D3-BF4B-00C04F79EFBC}") = "AnagramDetection", "AnagramDetection\AnagramDetection.csproj", "{1808A1BD-A966-4752-B257-0A66DDE528DD}"
EndProject
Project("{FAE04EC0-301F-11D3-BF4B-00C04F79EFBC}") = "AnagramDetectionTest", "AnagramDetectionTest\AnagramDetectionTest.csproj", "{19FA816B-B0D4-43A8-A307-449E7ADBB6CE}"
EndProject
Global
	GlobalSection(SolutionConfigurationPlatforms) = preSolution
		Debug|Any CPU = Debug|Any CPU
		Release|Any CPU = Release|Any CPU
	EndGlobalSection
	GlobalSection(ProjectConfigurationPlatforms) = postSolution
		{1808A1BD-A966-4752-B257-0A66DDE528DD}.Debug|Any CPU.ActiveCfg = Debug|Any CPU
		{1808A1BD-A966-4752-B257-0A66DDE528DD}.Debug|Any CPU.Build.0 = Debug|Any CPU
		{1808A1BD-A966-4752-B257-0A66DDE528DD}.Release|Any CPU.ActiveCfg = Release|Any CPU
		{1808A1BD-A966-4752-B257-0A66DDE528DD}.Release|Any CPU.Build.0 = Release|Any CPU
		{19FA816B-B0D4-43A8-A307-449E7ADBB6CE}.Debug|Any CPU.ActiveCfg = Debug|Any CPU
		{19FA816B-B0D4-43A8-A307-449E7ADBB6CE}.Debug|Any CPU.Build.0 = Debug|Any CPU
		{19FA816B-B0D4-43A8-A307-449E7ADBB6CE}.Release|Any CPU.ActiveCfg = Release|Any CPU
		{19FA816B-B0D4-43A8-A307-449E7ADBB6CE}.Release|Any CPU.Build.0 = Release|Any CPU
	EndGlobalSection
	GlobalSection(SolutionProperties) = preSolution
		HideSolutionNode = FALSE
	EndGlobalSection
	GlobalSection(ExtensibilityGlobals) = postSolution
		SolutionGuid = {9FF4F6FD-AC27-421A-A7B6-AD5C1904CA24}
	EndGlobalSection
EndGlobal
